
Microsoft Visual Studio Solution File, Format Version 12.00
# Visual Studio Version 17
VisualStudioVersion = 17.13.35828.75
MinimumVisualStudioVersion = 10.0.40219.1
Project("{FAE04EC0-301F-11D3-BF4B-00C04F79EFBC}") = "CategoriesWithProducts.API", "CategoriesWithProducts\CategoriesWithProducts.csproj", "{B00B2989-D947-41B8-ACC5-73D33893BCF9}"
EndProject
Project("{FAE04EC0-301F-11D3-BF4B-00C04F79EFBC}") = "CategoriesWithProducts.UI", "CategoriesWithProducts.UI\CategoriesWithProducts.UI.csproj", "{9EFB6346-1E2C-4FE6-9A7C-78F5C0CB40BF}"
EndProject
Global
	GlobalSection(SolutionConfigurationPlatforms) = preSolution
		Debug|Any CPU = Debug|Any CPU
		Release|Any CPU = Release|Any CPU
	EndGlobalSection
	GlobalSection(ProjectConfigurationPlatforms) = postSolution
		{B00B2989-D947-41B8-ACC5-73D33893BCF9}.Debug|Any CPU.ActiveCfg = Debug|Any CPU
		{B00B2989-D947-41B8-ACC5-73D33893BCF9}.Debug|Any CPU.Build.0 = Debug|Any CPU
		{B00B2989-D947-41B8-ACC5-73D33893BCF9}.Release|Any CPU.ActiveCfg = Release|Any CPU
		{B00B2989-D947-41B8-ACC5-73D33893BCF9}.Release|Any CPU.Build.0 = Release|Any CPU
		{9EFB6346-1E2C-4FE6-9A7C-78F5C0CB40BF}.Debug|Any CPU.ActiveCfg = Debug|Any CPU
		{9EFB6346-1E2C-4FE6-9A7C-78F5C0CB40BF}.Debug|Any CPU.Build.0 = Debug|Any CPU
		{9EFB6346-1E2C-4FE6-9A7C-78F5C0CB40BF}.Release|Any CPU.ActiveCfg = Release|Any CPU
		{9EFB6346-1E2C-4FE6-9A7C-78F5C0CB40BF}.Release|Any CPU.Build.0 = Release|Any CPU
	EndGlobalSection
	GlobalSection(SolutionProperties) = preSolution
		HideSolutionNode = FALSE
	EndGlobalSection
	GlobalSection(ExtensibilityGlobals) = postSolution
		SolutionGuid = {058355B8-080A-4D06-B037-38550D1A37F5}
	EndGlobalSection
EndGlobal
